dependencies:
- name: bazarr
  repository: https://geekxflood.github.io/helm-charts/
  version: 0.0.1
- name: dizquetv
  repository: https://geekxflood.github.io/helm-charts/
  version: 0.0.1
- name: flaresolverr
  repository: https://geekxflood.github.io/helm-charts/
  version: 0.0.1
- name: jellyfin
  repository: https://geekxflood.github.io/helm-charts/
  version: 0.0.1
- name: overseerr
  repository: https://geekxflood.github.io/helm-charts/
  version: 0.0.1
- name: plex
  repository: https://geekxflood.github.io/helm-charts/
  version: 0.0.1
- name: prowlarr
  repository: https://geekxflood.github.io/helm-charts/
  version: 0.0.1
- name: radarr
  repository: https://geekxflood.github.io/helm-charts/
  version: 0.0.1
- name: sonarr
  repository: https://geekxflood.github.io/helm-charts/
  version: 0.0.1
- name: tautulli
  repository: https://geekxflood.github.io/helm-charts/
  version: 0.0.1
- name: tautulli-exporter
  repository: https://geekxflood.github.io/helm-charts/
  version: 0.0.1
- name: transmission-openvpn
  repository: https://geekxflood.github.io/helm-charts/
  version: 0.0.1
digest: sha256:677c9c12080a67a4b86c92f1b59671b7fa9baeabadc935c682c1455608038a91
generated: "2024-01-06T12:20:21.817939+01:00"
